
Microsoft Visual Studio Solution File, Format Version 12.00
# Visual Studio Version 17
VisualStudioVersion = 17.3.32901.215
MinimumVisualStudioVersion = 10.0.40219.1
Project("{FAE04EC0-301F-11D3-BF4B-00C04F79EFBC}") = "Code-editor", "Code-editor\Code-editor.csproj", "{2718FC22-26D1-4A88-8219-815ABDA9B432}"
EndProject
Global
	GlobalSection(SolutionConfigurationPlatforms) = preSolution
		Debug|Any CPU = Debug|Any CPU
		Release|Any CPU = Release|Any CPU
	EndGlobalSection
	GlobalSection(ProjectConfigurationPlatforms) = postSolution
		{2718FC22-26D1-4A88-8219-815ABDA9B432}.Debug|Any CPU.ActiveCfg = Debug|Any CPU
		{2718FC22-26D1-4A88-8219-815ABDA9B432}.Debug|Any CPU.Build.0 = Debug|Any CPU
		{2718FC22-26D1-4A88-8219-815ABDA9B432}.Release|Any CPU.ActiveCfg = Release|Any CPU
		{2718FC22-26D1-4A88-8219-815ABDA9B432}.Release|Any CPU.Build.0 = Release|Any CPU
	EndGlobalSection
	GlobalSection(SolutionProperties) = preSolution
		HideSolutionNode = FALSE
	EndGlobalSection
	GlobalSection(ExtensibilityGlobals) = postSolution
		SolutionGuid = {90E4CA1F-74C2-46F3-9834-4B6D108B1005}
	EndGlobalSection
EndGlobal
